
Microsoft Visual Studio Solution File, Format Version 12.00
# Visual Studio 15
Project("{FAE04EC0-301F-11D3-BF4B-00C04F79EFBC}") = "Assembly-CSharp", "Assembly-CSharp.csproj", "{4D9AED94-BC17-1B59-0A76-6BE4476A43B9}"
EndProject
Project("{FAE04EC0-301F-11D3-BF4B-00C04F79EFBC}") = "Unity.XR.Interaction.Toolkit.Samples.StarterAssets", "Unity.XR.Interaction.Toolkit.Samples.StarterAssets.csproj", "{A28035C7-F727-DD3B-745E-508C9CC88A9C}"
EndProject
Project("{FAE04EC0-301F-11D3-BF4B-00C04F79EFBC}") = "Unity.XR.Interaction.Toolkit.Samples.DeviceSimulator", "Unity.XR.Interaction.Toolkit.Samples.DeviceSimulator.csproj", "{B22245F4-4DAB-BB88-298B-8B59A183B46D}"
EndProject
Global
	GlobalSection(SolutionConfigurationPlatforms) = preSolution
		Debug|Any CPU = Debug|Any CPU
		Release|Any CPU = Release|Any CPU
	EndGlobalSection
	GlobalSection(ProjectConfigurationPlatforms) = postSolution
		{4D9AED94-BC17-1B59-0A76-6BE4476A43B9}.Debug|Any CPU.ActiveCfg = Debug|Any CPU
		{4D9AED94-BC17-1B59-0A76-6BE4476A43B9}.Debug|Any CPU.Build.0 = Debug|Any CPU
		{4D9AED94-BC17-1B59-0A76-6BE4476A43B9}.Release|Any CPU.ActiveCfg = Release|Any CPU
		{4D9AED94-BC17-1B59-0A76-6BE4476A43B9}.Release|Any CPU.Build.0 = Release|Any CPU
		{A28035C7-F727-DD3B-745E-508C9CC88A9C}.Debug|Any CPU.ActiveCfg = Debug|Any CPU
		{A28035C7-F727-DD3B-745E-508C9CC88A9C}.Debug|Any CPU.Build.0 = Debug|Any CPU
		{A28035C7-F727-DD3B-745E-508C9CC88A9C}.Release|Any CPU.ActiveCfg = Release|Any CPU
		{A28035C7-F727-DD3B-745E-508C9CC88A9C}.Release|Any CPU.Build.0 = Release|Any CPU
		{B22245F4-4DAB-BB88-298B-8B59A183B46D}.Debug|Any CPU.ActiveCfg = Debug|Any CPU
		{B22245F4-4DAB-BB88-298B-8B59A183B46D}.Debug|Any CPU.Build.0 = Debug|Any CPU
		{B22245F4-4DAB-BB88-298B-8B59A183B46D}.Release|Any CPU.ActiveCfg = Release|Any CPU
		{B22245F4-4DAB-BB88-298B-8B59A183B46D}.Release|Any CPU.Build.0 = Release|Any CPU
	EndGlobalSection
	GlobalSection(SolutionProperties) = preSolution
		HideSolutionNode = FALSE
	EndGlobalSection
EndGlobal
